
Microsoft Visual Studio Solution File, Format Version 12.00
# Visual Studio 15
VisualStudioVersion = 15.0.28307.852
MinimumVisualStudioVersion = 10.0.40219.1
Project("{FAE04EC0-301F-11D3-BF4B-00C04F79EFBC}") = "Saarthi", "Saarthi\Saarthi.csproj", "{F5F376F7-F093-4F52-A57B-74F650E2E634}"
EndProject
Global
	GlobalSection(SolutionConfigurationPlatforms) = preSolution
		Debug|Any CPU = Debug|Any CPU
		Release|Any CPU = Release|Any CPU
	EndGlobalSection
	GlobalSection(ProjectConfigurationPlatforms) = postSolution
		{F5F376F7-F093-4F52-A57B-74F650E2E634}.Debug|Any CPU.ActiveCfg = Debug|Any CPU
		{F5F376F7-F093-4F52-A57B-74F650E2E634}.Debug|Any CPU.Build.0 = Debug|Any CPU
		{F5F376F7-F093-4F52-A57B-74F650E2E634}.Release|Any CPU.ActiveCfg = Release|Any CPU
		{F5F376F7-F093-4F52-A57B-74F650E2E634}.Release|Any CPU.Build.0 = Release|Any CPU
	EndGlobalSection
	GlobalSection(SolutionProperties) = preSolution
		HideSolutionNode = FALSE
	EndGlobalSection
	GlobalSection(ExtensibilityGlobals) = postSolution
		SolutionGuid = {4B7E9E8B-AF4A-47E3-9228-E3BEBA56B40B}
	EndGlobalSection
EndGlobal
